# This file is automatically @generated by Poetry 1.7.1 and should not be changed by hand.

[[package]]
name = "awscrt"
version = "0.19.19"
description = "A common runtime for AWS Python projects"
optional = false
python-versions = ">=3.7"
files = [
    {file = "awscrt-0.19.19-cp310-cp310-macosx_10_9_universal2.whl", hash = "sha256:aa0742e756e67b78f7d2a7b44c5e4028e0074cc8e9063bad7bf47919a308d3bb"},
    {file = "awscrt-0.19.19-cp310-cp310-manylinux_2_17_aarch64.manylinux2014_aarch64.whl", hash = "sha256:a1e49c19c93077e3b911f288715944a37f83cea4a4573262412ff74761cc74d3"},
    {file = "awscrt-0.19.19-cp310-cp310-manylinux_2_17_x86_64.manylinux2014_x86_64.whl", hash = "sha256:36019bb11a7f3f2537314eb46cc526d40efe732907055c83cf7b7e60fcd1a672"},
    {file = "awscrt-0.19.19-cp310-cp310-musllinux_1_1_aarch64.whl", hash = "sha256:fdc153732d27f7c2d151ed7587fae57317b740af8352e86a6c5304dd81c3deab"},
    {file = "awscrt-0.19.19-cp310-cp310-musllinux_1_1_x86_64.whl", hash = "sha256:faa98bbb26a48f3bd3718770687311e6a890888eb882e6de8cf5813075bb3fb7"},
    {file = "awscrt-0.19.19-cp310-cp310-win32.whl", hash = "sha256:c1668bc8c0b1e85f4b1511c60da639a4bbe10dec158d6a7081f87e7d46542015"},
    {file = "awscrt-0.19.19-cp310-cp310-win_amd64.whl", hash = "sha256:e390977d41523e4a8ad969d7f708b48809cb3c6bdbed27721e9d6a466a868cc8"},
    {file = "awscrt-0.19.19-cp311-abi3-macosx_10_9_universal2.whl", hash = "sha256:32037a4b79e9646228414e9619c24c99db013436772d9f36cf579c3c56b332bc"},
    {file = "awscrt-0.19.19-cp311-abi3-manylinux_2_17_aarch64.manylinux2014_aarch64.whl", hash = "sha256:a565c65d6b5712e69eafe44d9fc53ca279eca6ca672012b17470f6844d0e4539"},
    {file = "awscrt-0.19.19-cp311-abi3-manylinux_2_17_x86_64.manylinux2014_x86_64.whl", hash = "sha256:0c415ed2e553f6f7ebf6a34bf5010c2b37cee5624a8ddc1ff4e21e44b8999d67"},
    {file = "awscrt-0.19.19-cp311-abi3-musllinux_1_1_aarch64.whl", hash = "sha256:55ed3e7957bdb93f4398903a4b0687e63256de8e1b988578a6d5478d3b5db4a2"},
    {file = "awscrt-0.19.19-cp311-abi3-musllinux_1_1_x86_64.whl", hash = "sha256:7d3a9314454ff24f22ea9025a4bfa91c48d6ea94a58cf81d164efb3154220b0d"},
    {file = "awscrt-0.19.19-cp311-abi3-win32.whl", hash = "sha256:ad97e3bad8a6b9e2b664052db094d8daff829efa59e308d38e15ec9802e26e9b"},
    {file = "awscrt-0.19.19-cp311-abi3-win_amd64.whl", hash = "sha256:ee4f8e4560d74f3ebdc9061e0928a5b43d90447df978d592d3e3207f3e6f5a44"},
    {file = "awscrt-0.19.19-cp37-cp37m-macosx_10_9_x86_64.whl", hash = "sha256:68f6f184be267a60880f7979825ba7665b0441cd9a4c16e023c47b922765fa81"},
    {file = "awscrt-0.19.19-cp37-cp37m-manylinux_2_17_aarch64.manylinux2014_aarch64.whl", hash = "sha256:ca84f926be8d7aceec5fc5aeea5a413e5a6b672374247633d7330a5899a137d7"},
    {file = "awscrt-0.19.19-cp37-cp37m-manylinux_2_17_x86_64.manylinux2014_x86_64.whl", hash = "sha256:9f0f9820cbc370d07a195c6c4bc490ead9ff16f84cb401e63bd5790308c4b50c"},
    {file = "awscrt-0.19.19-cp37-cp37m-manylinux_2_5_i686.manylinux1_i686.whl", hash = "sha256:71fcd52ab887e43c606c0ae9b729d540f7ca6bdf72afc63d7a8c21f7b51899fb"},
    {file = "awscrt-0.19.19-cp37-cp37m-manylinux_2_5_x86_64.manylinux1_x86_64.whl", hash = "sha256:f973930bb58b0f59ea80a94872b372e9ff838a6b80be8042195684b15c91b67a"},
    {file = "awscrt-0.19.19-cp37-cp37m-musllinux_1_1_aarch64.whl", hash = "sha256:fc5a0f260e7cc72df27da6ac4765ce3d241c9417449490026065e87a8f1a6503"},
    {file = "awscrt-0.19.19-cp37-cp37m-musllinux_1_1_x86_64.whl", hash = "sha256:778d16226d42df37e10ca482240dd122b23a66003c907a7de0715b54b101ece1"},
    {file = "awscrt-0.19.19-cp37-cp37m-win32.whl", hash = "sha256:2225f68bd21304069ae6437e61c4b598c493b29e426023037069dc3dd41b1966"},
    {file = "awscrt-0.19.19-cp37-cp37m-win_amd64.whl", hash = "sha256:f50223ff3879921dc4619e9806f61ea9695a7b132e6a4ab9db05ecd7dc3f07dd"},
    {file = "awscrt-0.19.19-cp38-cp38-macosx_10_9_x86_64.whl", hash = "sha256:7d36af90b4dd9396f2cd8d09066f59780b5242bbc98e7dd9657b2691f827974f"},
    {file = "awscrt-0.19.19-cp38-cp38-manylinux_2_17_aarch64.manylinux2014_aarch64.whl", hash = "sha256:ae19bb8444a736f1890a0d00ed40faa52e7a9999509be3c34df112f740058844"},
    {file = "awscrt-0.19.19-cp38-cp38-manylinux_2_17_x86_64.manylinux2014_x86_64.whl", hash = "sha256:7bdfdab4b852b53d04c385c7331d00cbc1613b93e4dd66749571202fb09a70eb"},
    {file = "awscrt-0.19.19-cp38-cp38-manylinux_2_5_i686.manylinux1_i686.whl", hash = "sha256:ce5ab9968619805b049d7984d66bd51032d793fc6d29d3c329037ae4f9919831"},
    {file = "awscrt-0.19.19-cp38-cp38-manylinux_2_5_x86_64.manylinux1_x86_64.whl", hash = "sha256:f56a3f2c2b70dabe9dd5e01b63fbebdef7bdd3318a289d96e71b1ceb6a1069ac"},
    {file = "awscrt-0.19.19-cp38-cp38-musllinux_1_1_aarch64.whl", hash = "sha256:cd42dbbeebe163e942e4e80327f2412a015de4d1e6fae6f0433cbc6822dd4185"},
    {file = "awscrt-0.19.19-cp38-cp38-musllinux_1_1_x86_64.whl", hash = "sha256:01bec9ee14aa38e4ba3e31e5ff4c8800db6dd333b3afdd76f48957d84e6aedfa"},
    {file = "awscrt-0.19.19-cp38-cp38-win32.whl", hash = "sha256:3967f1ec5addfd4e64270d823b657dc62315c4c53e639dbfa19fb8439b5c40ae"},
    {file = "awscrt-0.19.19-cp38-cp38-win_amd64.whl", hash = "sha256:2e0140eb65b3b6a0310aa3407743c3e734f6bd76ff9cc203b4901839e8a1a191"},
    {file = "awscrt-0.19.19-cp39-cp39-macosx_10_9_universal2.whl", hash = "sha256:c419e14bd4c8b1ace330ea382eb054c6b4662ba90cf16ef27a608e4bb0a94dd8"},
    {file = "awscrt-0.19.19-cp39-cp39-manylinux_2_17_aarch64.manylinux2014_aarch64.whl", hash = "sha256:17107b9ac6220227f20a81122820312191742d097267ecb0d9c722e9cdd8c3de"},
    {file = "awscrt-0.19.19-cp39-cp39-manylinux_2_17_x86_64.manylinux2014_x86_64.whl", hash = "sha256:1b509dc99be02df94d258eae57b239e50e2cb213186e9655b14eafcb791b19f7"},
    {file = "awscrt-0.19.19-cp39-cp39-manylinux_2_5_i686.manylinux1_i686.whl", hash = "sha256:576ee8d9398b7a5ff85ee03aaa9775d5f931cf7e2d556e7f5cd68820cfae52da"},
    {file = "awscrt-0.19.19-cp39-cp39-manylinux_2_5_x86_64.manylinux1_x86_64.whl", hash = "sha256:7c98c5862aad514499360061e567cac5cbe0594d71491a373ab2ccaeffbc1878"},
    {file = "awscrt-0.19.19-cp39-cp39-musllinux_1_1_aarch64.whl", hash = "sha256:6bc8e97c480490d720aada4600ddb1a1a7ec38b45692e0843bba56a275e1fba5"},
    {file = "awscrt-0.19.19-cp39-cp39-musllinux_1_1_x86_64.whl", hash = "sha256:7b6ff1bb9d08d9d209e22df56ec6137d2c4cd1ffca5099df146efaa9fa7d7d8a"},
    {file = "awscrt-0.19.19-cp39-cp39-win32.whl", hash = "sha256:113af72d40ecfaf8f27f39c6a5a717111ddbaea8df4f3a47bb326ea2f8ea321e"},
    {file = "awscrt-0.19.19-cp39-cp39-win_amd64.whl", hash = "sha256:f0309dd8f95a2606f2a52affdf526ff167afa25c41fa03f8ab6f98438db0da47"},
    {file = "awscrt-0.19.19.tar.gz", hash = "sha256:1c1511535dee146a6c26a382ed3ead56259a105b3b7d7d823553ae567d038dfe"},
]

[[package]]
name = "boto3"
version = "1.34.14"
description = "The AWS SDK for Python"
optional = false
python-versions = ">= 3.8"
files = [
    {file = "boto3-1.34.14-py3-none-any.whl", hash = "sha256:1f94042f4efb5133b6b9b8b3243afc01143a81d21b3197a3afadf5780f97b05d"},
    {file = "boto3-1.34.14.tar.gz", hash = "sha256:5c1bb487c68120aae236354d81b8a1a55d0aa3395d30748a01825ef90891921e"},
]

[package.dependencies]
botocore = [
    {version = ">=1.34.14,<1.35.0"},
    {version = ">=1.21.0,<2.0a0", extras = ["crt"], optional = true, markers = "extra == \"crt\""},
]
jmespath = ">=0.7.1,<2.0.0"
s3transfer = ">=0.10.0,<0.11.0"

[package.extras]
crt = ["botocore[crt] (>=1.21.0,<2.0a0)"]

[[package]]
name = "botocore"
version = "1.34.14"
description = "Low-level, data-driven core of boto 3."
optional = false
python-versions = ">= 3.8"
files = [
    {file = "botocore-1.34.14-py3-none-any.whl", hash = "sha256:3b592f50f0406e236782a3a0a9ad1c3976060fdb2e04a23d18c3df5b7dfad3e0"},
    {file = "botocore-1.34.14.tar.gz", hash = "sha256:041bed0852649cab7e4dcd4d87f9d1cc084467fb846e5b60015e014761d96414"},
]

[package.dependencies]
awscrt = {version = "0.19.19", optional = true, markers = "extra == \"crt\""}
jmespath = ">=0.7.1,<2.0.0"
python-dateutil = ">=2.1,<3.0.0"
urllib3 = {version = ">=1.25.4,<2.1", markers = "python_version >= \"3.10\""}

[package.extras]
crt = ["awscrt (==0.19.19)"]

[[package]]
name = "jmespath"
version = "1.0.1"
description = "JSON Matching Expressions"
optional = false
python-versions = ">=3.7"
files = [
    {file = "jmespath-1.0.1-py3-none-any.whl", hash = "sha256:02e2e4cc71b5bcab88332eebf907519190dd9e6e82107fa7f83b1003a6252980"},
    {file = "jmespath-1.0.1.tar.gz", hash = "sha256:90261b206d6defd58fdd5e85f478bf633a2901798906be2ad389150c5c60edbe"},
]

[[package]]
name = "python-dateutil"
version = "2.8.2"
description = "Extensions to the standard Python datetime module"
optional = false
python-versions = "!=3.0.*,!=3.1.*,!=3.2.*,>=2.7"
files = [
    {file = "python-dateutil-2.8.2.tar.gz", hash = "sha256:0123cacc1627ae19ddf3c27a5de5bd67ee4586fbdd6440d9748f8abb483d3e86"},
    {file = "python_dateutil-2.8.2-py2.py3-none-any.whl", hash = "sha256:961d03dc3453ebbc59dbdea9e4e11c5651520a876d0f4db161e8674aae935da9"},
]

[package.dependencies]
six = ">=1.5"

[[package]]
name = "python-dotenv"
version = "1.0.0"
description = "Read key-value pairs from a .env file and set them as environment variables"
optional = false
python-versions = ">=3.8"
files = [
    {file = "python-dotenv-1.0.0.tar.gz", hash = "sha256:a8df96034aae6d2d50a4ebe8216326c61c3eb64836776504fcca410e5937a3ba"},
    {file = "python_dotenv-1.0.0-py3-none-any.whl", hash = "sha256:f5971a9226b701070a4bf2c38c89e5a3f0d64de8debda981d1db98583009122a"},
]

[package.extras]
cli = ["click (>=5.0)"]

[[package]]
name = "s3transfer"
version = "0.10.0"
description = "An Amazon S3 Transfer Manager"
optional = false
python-versions = ">= 3.8"
files = [
    {file = "s3transfer-0.10.0-py3-none-any.whl", hash = "sha256:3cdb40f5cfa6966e812209d0994f2a4709b561c88e90cf00c2696d2df4e56b2e"},
    {file = "s3transfer-0.10.0.tar.gz", hash = "sha256:d0c8bbf672d5eebbe4e57945e23b972d963f07d82f661cabf678a5c88831595b"},
]

[package.dependencies]
botocore = ">=1.33.2,<2.0a.0"

[package.extras]
crt = ["botocore[crt] (>=1.33.2,<2.0a.0)"]

[[package]]
name = "six"
version = "1.16.0"
description = "Python 2 and 3 compatibility utilities"
optional = false
python-versions = ">=2.7, !=3.0.*, !=3.1.*, !=3.2.*"
files = [
    {file = "six-1.16.0-py2.py3-none-any.whl", hash = "sha256:8abb2f1d86890a2dfb989f9a77cfcfd3e47c2a354b01111771326f8aa26e0254"},
    {file = "six-1.16.0.tar.gz", hash = "sha256:1e61c37477a1626458e36f7b1d82aa5c9b094fa4802892072e49de9c60c4c926"},
]

[[package]]
name = "urllib3"
version = "2.0.7"
description = "HTTP library with thread-safe connection pooling, file post, and more."
optional = false
python-versions = ">=3.7"
files = [
    {file = "urllib3-2.0.7-py3-none-any.whl", hash = "sha256:fdb6d215c776278489906c2f8916e6e7d4f5a9b602ccbcfdf7f016fc8da0596e"},
    {file = "urllib3-2.0.7.tar.gz", hash = "sha256:c97dfde1f7bd43a71c8d2a58e369e9b2bf692d1334ea9f9cae55add7d0dd0f84"},
]

[package.extras]
brotli = ["brotli (>=1.0.9)", "brotlicffi (>=0.8.0)"]
secure = ["certifi", "cryptography (>=1.9)", "idna (>=2.0.0)", "pyopenssl (>=17.1.0)", "urllib3-secure-extra"]
socks = ["pysocks (>=1.5.6,!=1.5.7,<2.0)"]
zstd = ["zstandard (>=0.18.0)"]

[metadata]
lock-version = "2.0"
python-versions = "^3.11"
content-hash = "c1cc36db251f39e17b5d8a495583d8ac4aeee77e4228721019a7a00aabf7b1c7"
